
Microsoft Visual Studio Solution File, Format Version 12.00
Project("{FAE04EC0-301F-11D3-BF4B-00C04F79EFBC}") = "BYT3", "BYT3\BYT3.csproj", "{012EBC53-2FCC-444A-A872-9AF7FD9FE99A}"
EndProject
Global
	GlobalSection(SolutionConfigurationPlatforms) = preSolution
		Debug|Any CPU = Debug|Any CPU
		Release|Any CPU = Release|Any CPU
	EndGlobalSection
	GlobalSection(ProjectConfigurationPlatforms) = postSolution
		{012EBC53-2FCC-444A-A872-9AF7FD9FE99A}.Debug|Any CPU.ActiveCfg = Debug|Any CPU
		{012EBC53-2FCC-444A-A872-9AF7FD9FE99A}.Debug|Any CPU.Build.0 = Debug|Any CPU
		{012EBC53-2FCC-444A-A872-9AF7FD9FE99A}.Release|Any CPU.ActiveCfg = Release|Any CPU
		{012EBC53-2FCC-444A-A872-9AF7FD9FE99A}.Release|Any CPU.Build.0 = Release|Any CPU
	EndGlobalSection
EndGlobal
